
Microsoft Visual Studio Solution File, Format Version 12.00
# Visual Studio Version 16
VisualStudioVersion = 16.0.29609.76
MinimumVisualStudioVersion = 10.0.40219.1
Project("{9A19103F-16F7-4668-BE54-9A1E7A4F7556}") = "WalletMate.Domain", "Backend\WalletMate.Domain\WalletMate.Domain.csproj", "{BC523F41-89EE-48C4-907B-A0CF4920E580}"
EndProject
Project("{9A19103F-16F7-4668-BE54-9A1E7A4F7556}") = "WalletMate.Application", "Backend\WalletMate.Application\WalletMate.Application.csproj", "{E3DE1C3B-7E39-47A9-A723-E3983D5F7E45}"
EndProject
Project("{9A19103F-16F7-4668-BE54-9A1E7A4F7556}") = "WalletMate.Infrastructure", "Backend\WalletMate.Infrastructure\WalletMate.Infrastructure.csproj", "{F8FA04AC-EC89-4DD5-9885-3C8EF83288C9}"
EndProject
Project("{9A19103F-16F7-4668-BE54-9A1E7A4F7556}") = "WalletMate.WebApp", "WalletMate.WebApp\WalletMate.WebApp.csproj", "{61AB5396-87C1-4E31-8AB5-B566BC1F8974}"
EndProject
Project("{9A19103F-16F7-4668-BE54-9A1E7A4F7556}") = "WalletMate.Domain.Tests", "Backend\WalletMate.Domain.Tests\WalletMate.Domain.Tests.csproj", "{5F726AB9-E790-440E-AE24-F1ABA123F018}"
EndProject
Project("{9A19103F-16F7-4668-BE54-9A1E7A4F7556}") = "WalletMate.Infrastructure.WebAppTests", "Backend\WalletMate.Infrastructure.Tests\WalletMate.Infrastructure.WebAppTests.csproj", "{ACBFCB77-035C-4CEC-9D02-DC5CD3BC0A3F}"
EndProject
Project("{2150E333-8FDC-42A3-9474-1A3956D46DE8}") = "Backend", "Backend", "{D55B8389-B28A-4492-AE88-8EBEB777CE5C}"
EndProject
Project("{FAE04EC0-301F-11D3-BF4B-00C04F79EFBC}") = "WalletMate.BlazorApp", "WalletMate.BlazorApp\WalletMate.BlazorApp.csproj", "{0B96670D-2CE6-448F-9261-C6B6611039C5}"
EndProject
Project("{FAE04EC0-301F-11D3-BF4B-00C04F79EFBC}") = "WalletMate.Infrastructure.Tests", "WalletMate.Infrastructure.Tests\WalletMate.Infrastructure.Tests.csproj", "{FC5B8AC4-28D4-41B5-9491-723179E9B8B2}"
EndProject
Global
	GlobalSection(SolutionConfigurationPlatforms) = preSolution
		Debug|Any CPU = Debug|Any CPU
		Release|Any CPU = Release|Any CPU
	EndGlobalSection
	GlobalSection(ProjectConfigurationPlatforms) = postSolution
		{BC523F41-89EE-48C4-907B-A0CF4920E580}.Debug|Any CPU.ActiveCfg = Debug|Any CPU
		{BC523F41-89EE-48C4-907B-A0CF4920E580}.Debug|Any CPU.Build.0 = Debug|Any CPU
		{BC523F41-89EE-48C4-907B-A0CF4920E580}.Release|Any CPU.ActiveCfg = Release|Any CPU
		{BC523F41-89EE-48C4-907B-A0CF4920E580}.Release|Any CPU.Build.0 = Release|Any CPU
		{E3DE1C3B-7E39-47A9-A723-E3983D5F7E45}.Debug|Any CPU.ActiveCfg = Debug|Any CPU
		{E3DE1C3B-7E39-47A9-A723-E3983D5F7E45}.Debug|Any CPU.Build.0 = Debug|Any CPU
		{E3DE1C3B-7E39-47A9-A723-E3983D5F7E45}.Release|Any CPU.ActiveCfg = Release|Any CPU
		{E3DE1C3B-7E39-47A9-A723-E3983D5F7E45}.Release|Any CPU.Build.0 = Release|Any CPU
		{F8FA04AC-EC89-4DD5-9885-3C8EF83288C9}.Debug|Any CPU.ActiveCfg = Debug|Any CPU
		{F8FA04AC-EC89-4DD5-9885-3C8EF83288C9}.Debug|Any CPU.Build.0 = Debug|Any CPU
		{F8FA04AC-EC89-4DD5-9885-3C8EF83288C9}.Release|Any CPU.ActiveCfg = Release|Any CPU
		{F8FA04AC-EC89-4DD5-9885-3C8EF83288C9}.Release|Any CPU.Build.0 = Release|Any CPU
		{61AB5396-87C1-4E31-8AB5-B566BC1F8974}.Debug|Any CPU.ActiveCfg = Debug|Any CPU
		{61AB5396-87C1-4E31-8AB5-B566BC1F8974}.Debug|Any CPU.Build.0 = Debug|Any CPU
		{61AB5396-87C1-4E31-8AB5-B566BC1F8974}.Release|Any CPU.ActiveCfg = Release|Any CPU
		{61AB5396-87C1-4E31-8AB5-B566BC1F8974}.Release|Any CPU.Build.0 = Release|Any CPU
		{5F726AB9-E790-440E-AE24-F1ABA123F018}.Debug|Any CPU.ActiveCfg = Debug|Any CPU
		{5F726AB9-E790-440E-AE24-F1ABA123F018}.Debug|Any CPU.Build.0 = Debug|Any CPU
		{5F726AB9-E790-440E-AE24-F1ABA123F018}.Release|Any CPU.ActiveCfg = Release|Any CPU
		{5F726AB9-E790-440E-AE24-F1ABA123F018}.Release|Any CPU.Build.0 = Release|Any CPU
		{ACBFCB77-035C-4CEC-9D02-DC5CD3BC0A3F}.Debug|Any CPU.ActiveCfg = Debug|Any CPU
		{ACBFCB77-035C-4CEC-9D02-DC5CD3BC0A3F}.Debug|Any CPU.Build.0 = Debug|Any CPU
		{ACBFCB77-035C-4CEC-9D02-DC5CD3BC0A3F}.Release|Any CPU.ActiveCfg = Release|Any CPU
		{ACBFCB77-035C-4CEC-9D02-DC5CD3BC0A3F}.Release|Any CPU.Build.0 = Release|Any CPU
		{0B96670D-2CE6-448F-9261-C6B6611039C5}.Debug|Any CPU.ActiveCfg = Debug|Any CPU
		{0B96670D-2CE6-448F-9261-C6B6611039C5}.Debug|Any CPU.Build.0 = Debug|Any CPU
		{0B96670D-2CE6-448F-9261-C6B6611039C5}.Release|Any CPU.ActiveCfg = Release|Any CPU
		{0B96670D-2CE6-448F-9261-C6B6611039C5}.Release|Any CPU.Build.0 = Release|Any CPU
		{FC5B8AC4-28D4-41B5-9491-723179E9B8B2}.Debug|Any CPU.ActiveCfg = Debug|Any CPU
		{FC5B8AC4-28D4-41B5-9491-723179E9B8B2}.Debug|Any CPU.Build.0 = Debug|Any CPU
		{FC5B8AC4-28D4-41B5-9491-723179E9B8B2}.Release|Any CPU.ActiveCfg = Release|Any CPU
		{FC5B8AC4-28D4-41B5-9491-723179E9B8B2}.Release|Any CPU.Build.0 = Release|Any CPU
	EndGlobalSection
	GlobalSection(SolutionProperties) = preSolution
		HideSolutionNode = FALSE
	EndGlobalSection
	GlobalSection(NestedProjects) = preSolution
		{BC523F41-89EE-48C4-907B-A0CF4920E580} = {D55B8389-B28A-4492-AE88-8EBEB777CE5C}
		{E3DE1C3B-7E39-47A9-A723-E3983D5F7E45} = {D55B8389-B28A-4492-AE88-8EBEB777CE5C}
		{F8FA04AC-EC89-4DD5-9885-3C8EF83288C9} = {D55B8389-B28A-4492-AE88-8EBEB777CE5C}
		{5F726AB9-E790-440E-AE24-F1ABA123F018} = {D55B8389-B28A-4492-AE88-8EBEB777CE5C}
		{ACBFCB77-035C-4CEC-9D02-DC5CD3BC0A3F} = {D55B8389-B28A-4492-AE88-8EBEB777CE5C}
		{FC5B8AC4-28D4-41B5-9491-723179E9B8B2} = {D55B8389-B28A-4492-AE88-8EBEB777CE5C}
	EndGlobalSection
	GlobalSection(ExtensibilityGlobals) = postSolution
		SolutionGuid = {6E8F3BFB-8C9C-4DF3-860F-0B09E9D5B054}
	EndGlobalSection
EndGlobal
